// !$*UTF8*$!
{
	archiveVersion = 1;
	classes = {
	};
	objectVersion = 50;
	objects = {

/* Begin PBXBuildFile section */
		E92BEA6C24EB880C00006E81 /* AppDelegate.swift in Sources */ = {isa = PBXBuildFile; fileRef = E92BEA6B24EB880C00006E81 /* AppDelegate.swift */; };
		E92BEA7024EB880C00006E81 /* ViewController.swift in Sources */ = {isa = PBXBuildFile; fileRef = E92BEA6F24EB880C00006E81 /* ViewController.swift */; };
		E92BEA7324EB880C00006E81 /* Main.storyboard in Resources */ = {isa = PBXBuildFile; fileRef = E92BEA7124EB880C00006E81 /* Main.storyboard */; };
		E92BEA7524EB880D00006E81 /* Assets.xcassets in Resources */ = {isa = PBXBuildFile; fileRef = E92BEA7424EB880D00006E81 /* Assets.xcassets */; };
		E92BEA7824EB880D00006E81 /* LaunchScreen.storyboard in Resources */ = {isa = PBXBuildFile; fileRef = E92BEA7624EB880D00006E81 /* LaunchScreen.storyboard */; };
		E92BEA8324EB885E00006E81 /* VerticalView.swift in Sources */ = {isa = PBXBuildFile; fileRef = E92BEA8024EB885E00006E81 /* VerticalView.swift */; };
		E92BEA8424EB885E00006E81 /* GridView.swift in Sources */ = {isa = PBXBuildFile; fileRef = E92BEA8124EB885E00006E81 /* GridView.swift */; };
		E92BEA8524EB885E00006E81 /* LabelView.swift in Sources */ = {isa = PBXBuildFile; fileRef = E92BEA8224EB885E00006E81 /* LabelView.swift */; };
		E92BEA8A24EB887400006E81 /* UIView+.swift in Sources */ = {isa = PBXBuildFile; fileRef = E92BEA8724EB887400006E81 /* UIView+.swift */; };
		E92BEA8B24EB887400006E81 /* UIImage+.swift in Sources */ = {isa = PBXBuildFile; fileRef = E92BEA8824EB887400006E81 /* UIImage+.swift */; };
		E92BEA8C24EB887400006E81 /* UIColor+.swift in Sources */ = {isa = PBXBuildFile; fileRef = E92BEA8924EB887400006E81 /* UIColor+.swift */; };
/* End PBXBuildFile section */

/* Begin PBXFileReference section */
		E92BEA6824EB880C00006E81 /* GridView.app */ = {isa = PBXFileReference; explicitFileType = wrapper.application; includeInIndex = 0; path = GridView.app; sourceTree = BUILT_PRODUCTS_DIR; };
		E92BEA6B24EB880C00006E81 /* AppDelegate.swift */ = {isa = PBXFileReference; lastKnownFileType = sourcecode.swift; path = AppDelegate.swift; sourceTree = "<group>"; };
		E92BEA6F24EB880C00006E81 /* ViewController.swift */ = {isa = PBXFileReference; lastKnownFileType = sourcecode.swift; path = ViewController.swift; sourceTree = "<group>"; };
		E92BEA7224EB880C00006E81 /* Base */ = {isa = PBXFileReference; lastKnownFileType = file.storyboard; name = Base; path = Base.lproj/Main.storyboard; sourceTree = "<group>"; };
		E92BEA7424EB880D00006E81 /* Assets.xcassets */ = {isa = PBXFileReference; lastKnownFileType = folder.assetcatalog; path = Assets.xcassets; sourceTree = "<group>"; };
		E92BEA7724EB880D00006E81 /* Base */ = {isa = PBXFileReference; lastKnownFileType = file.storyboard; name = Base; path = Base.lproj/LaunchScreen.storyboard; sourceTree = "<group>"; };
		E92BEA7924EB880D00006E81 /* Info.plist */ = {isa = PBXFileReference; lastKnownFileType = text.plist.xml; path = Info.plist; sourceTree = "<group>"; };
		E92BEA8024EB885E00006E81 /* VerticalView.swift */ = {isa = PBXFileReference; fileEncoding = 4; lastKnownFileType = sourcecode.swift; path = VerticalView.swift; sourceTree = "<group>"; };
		E92BEA8124EB885E00006E81 /* GridView.swift */ = {isa = PBXFileReference; fileEncoding = 4; lastKnownFileType = sourcecode.swift; path = GridView.swift; sourceTree = "<group>"; };
		E92BEA8224EB885E00006E81 /* LabelView.swift */ = {isa = PBXFileReference; fileEncoding = 4; lastKnownFileType = sourcecode.swift; path = LabelView.swift; sourceTree = "<group>"; };
		E92BEA8724EB887400006E81 /* UIView+.swift */ = {isa = PBXFileReference; fileEncoding = 4; lastKnownFileType = sourcecode.swift; path = "UIView+.swift"; sourceTree = "<group>"; };
		E92BEA8824EB887400006E81 /* UIImage+.swift */ = {isa = PBXFileReference; fileEncoding = 4; lastKnownFileType = sourcecode.swift; path = "UIImage+.swift"; sourceTree = "<group>"; };
		E92BEA8924EB887400006E81 /* UIColor+.swift */ = {isa = PBXFileReference; fileEncoding = 4; lastKnownFileType = sourcecode.swift; path = "UIColor+.swift"; sourceTree = "<group>"; };
/* End PBXFileReference section */

/* Begin PBXFrameworksBuildPhase section */
		E92BEA6524EB880C00006E81 /* Frameworks */ = {
			isa = PBXFrameworksBuildPhase;
			buildActionMask = 2147483647;
			files = (
			);
			runOnlyForDeploymentPostprocessing = 0;
		};
/* End PBXFrameworksBuildPhase section */

/* Begin PBXGroup section */
		E92BEA5F24EB880C00006E81 = {
			isa = PBXGroup;
			children = (
				E92BEA6A24EB880C00006E81 /* GridView */,
				E92BEA6924EB880C00006E81 /* Products */,
			);
			sourceTree = "<group>";
		};
		E92BEA6924EB880C00006E81 /* Products */ = {
			isa = PBXGroup;
			children = (
				E92BEA6824EB880C00006E81 /* GridView.app */,
			);
			name = Products;
			sourceTree = "<group>";
		};
		E92BEA6A24EB880C00006E81 /* GridView */ = {
			isa = PBXGroup;
			children = (
				E92BEA8624EB886900006E81 /* Extension */,
				E92BEA7F24EB885E00006E81 /* GridView */,
				E92BEA6B24EB880C00006E81 /* AppDelegate.swift */,
				E92BEA6F24EB880C00006E81 /* ViewController.swift */,
				E92BEA7124EB880C00006E81 /* Main.storyboard */,
				E92BEA7424EB880D00006E81 /* Assets.xcassets */,
				E92BEA7624EB880D00006E81 /* LaunchScreen.storyboard */,
				E92BEA7924EB880D00006E81 /* Info.plist */,
			);
			path = GridView;
			sourceTree = "<group>";
		};
		E92BEA7F24EB885E00006E81 /* GridView */ = {
			isa = PBXGroup;
			children = (
				E92BEA8024EB885E00006E81 /* VerticalView.swift */,
				E92BEA8124EB885E00006E81 /* GridView.swift */,
				E92BEA8224EB885E00006E81 /* LabelView.swift */,
			);
			path = GridView;
			sourceTree = "<group>";
		};
		E92BEA8624EB886900006E81 /* Extension */ = {
			isa = PBXGroup;
			children = (
				E92BEA8924EB887400006E81 /* UIColor+.swift */,
				E92BEA8824EB887400006E81 /* UIImage+.swift */,
				E92BEA8724EB887400006E81 /* UIView+.swift */,
			);
			path = Extension;
			sourceTree = "<group>";
		};
/* End PBXGroup section */

/* Begin PBXNativeTarget section */
		E92BEA6724EB880C00006E81 /* GridView */ = {
			isa = PBXNativeTarget;
			buildConfigurationList = E92BEA7C24EB880D00006E81 /* Build configuration list for PBXNativeTarget "GridView" */;
			buildPhases = (
				E92BEA6424EB880C00006E81 /* Sources */,
				E92BEA6524EB880C00006E81 /* Frameworks */,
				E92BEA6624EB880C00006E81 /* Resources */,
			);
			buildRules = (
			);
			dependencies = (
			);
			name = GridView;
			productName = GridView;
			productReference = E92BEA6824EB880C00006E81 /* GridView.app */;
			productType = "com.apple.product-type.application";
		};
/* End PBXNativeTarget section */

/* Begin PBXProject section */
		E92BEA6024EB880C00006E81 /* Project object */ = {
			isa = PBXProject;
			attributes = {
				LastSwiftUpdateCheck = 1160;
				LastUpgradeCheck = 1160;
				TargetAttributes = {
					E92BEA6724EB880C00006E81 = {
						CreatedOnToolsVersion = 11.6;
					};
				};
			};
			buildConfigurationList = E92BEA6324EB880C00006E81 /* Build configuration list for PBXProject "GridView" */;
			compatibilityVersion = "Xcode 9.3";
			developmentRegion = en;
			hasScannedForEncodings = 0;
			knownRegions = (
				en,
				Base,
			);
			mainGroup = E92BEA5F24EB880C00006E81;
			productRefGroup = E92BEA6924EB880C00006E81 /* Products */;
			projectDirPath = "";
			projectRoot = "";
			targets = (
				E92BEA6724EB880C00006E81 /* GridView */,
			);
		};
/* End PBXProject section */

/* Begin PBXResourcesBuildPhase section */
		E92BEA6624EB880C00006E81 /* Resources */ = {
			isa = PBXResourcesBuildPhase;
			buildActionMask = 2147483647;
			files = (
				E92BEA7824EB880D00006E81 /* LaunchScreen.storyboard in Resources */,
				E92BEA7524EB880D00006E81 /* Assets.xcassets in Resources */,
				E92BEA7324EB880C00006E81 /* Main.storyboard in Resources */,
			);
			runOnlyForDeploymentPostprocessing = 0;
		};
/* End PBXResourcesBuildPhase section */

/* Begin PBXSourcesBuildPhase section */
		E92BEA6424EB880C00006E81 /* Sources */ = {
			isa = PBXSourcesBuildPhase;
			buildActionMask = 2147483647;
			files = (
				E92BEA7024EB880C00006E81 /* ViewController.swift in Sources */,
				E92BEA6C24EB880C00006E81 /* AppDelegate.swift in Sources */,
				E92BEA8A24EB887400006E81 /* UIView+.swift in Sources */,
				E92BEA8324EB885E00006E81 /* VerticalView.swift in Sources */,
				E92BEA8424EB885E00006E81 /* GridView.swift in Sources */,
				E92BEA8B24EB887400006E81 /* UIImage+.swift in Sources */,
				E92BEA8524EB885E00006E81 /* LabelView.swift in Sources */,
				E92BEA8C24EB887400006E81 /* UIColor+.swift in Sources */,
			);
			runOnlyForDeploymentPostprocessing = 0;
		};
/* End PBXSourcesBuildPhase section */

/* Begin PBXVariantGroup section */
		E92BEA7124EB880C00006E81 /* Main.storyboard */ = {
			isa = PBXVariantGroup;
			children = (
				E92BEA7224EB880C00006E81 /* Base */,
			);
			name = Main.storyboard;
			sourceTree = "<group>";
		};
		E92BEA7624EB880D00006E81 /* LaunchScreen.storyboard */ = {
			isa = PBXVariantGroup;
			children = (
				E92BEA7724EB880D00006E81 /* Base */,
			);
			name = LaunchScreen.storyboard;
			sourceTree = "<group>";
		};
/* End PBXVariantGroup section */

/* Begin XCBuildConfiguration section */
		E92BEA7A24EB880D00006E81 /* Debug */ = {
			isa = XCBuildConfiguration;
			buildSettings = {
				ALWAYS_SEARCH_USER_PATHS = NO;
				CLANG_ANALYZER_NONNULL = YES;
				CLANG_ANALYZER_NUMBER_OBJECT_CONVERSION = YES_AGGRESSIVE;
				CLANG_CXX_LANGUAGE_STANDARD = "gnu++14";
				CLANG_CXX_LIBRARY = "libc++";
				CLANG_ENABLE_MODULES = YES;
				CLANG_ENABLE_OBJC_ARC = YES;
				CLANG_ENABLE_OBJC_WEAK = YES;
				CLANG_WARN_BLOCK_CAPTURE_AUTORELEASING = YES;
				CLANG_WARN_BOOL_CONVERSION = YES;
				CLANG_WARN_COMMA = YES;
				CLANG_WARN_CONSTANT_CONVERSION = YES;
				CLANG_WARN_DEPRECATED_OBJC_IMPLEMENTATIONS = YES;
				CLANG_WARN_DIRECT_OBJC_ISA_USAGE = YES_ERROR;
				CLANG_WARN_DOCUMENTATION_COMMENTS = YES;
				CLANG_WARN_EMPTY_BODY = YES;
				CLANG_WARN_ENUM_CONVERSION = YES;
				CLANG_WARN_INFINITE_RECURSION = YES;
				CLANG_WARN_INT_CONVERSION = YES;
				CLANG_WARN_NON_LITERAL_NULL_CONVERSION = YES;
				CLANG_WARN_OBJC_IMPLICIT_RETAIN_SELF = YES;
				CLANG_WARN_OBJC_LITERAL_CONVERSION = YES;
				CLANG_WARN_OBJC_ROOT_CLASS = YES_ERROR;
				CLANG_WARN_RANGE_LOOP_ANALYSIS = YES;
				CLANG_WARN_STRICT_PROTOTYPES = YES;
				CLANG_WARN_SUSPICIOUS_MOVE = YES;
				CLANG_WARN_UNGUARDED_AVAILABILITY = YES_AGGRESSIVE;
				CLANG_WARN_UNREACHABLE_CODE = YES;
				CLANG_WARN__DUPLICATE_METHOD_MATCH = YES;
				COPY_PHASE_STRIP = NO;
				DEBUG_INFORMATION_FORMAT = dwarf;
				ENABLE_STRICT_OBJC_MSGSEND = YES;
				ENABLE_TESTABILITY = YES;
				GCC_C_LANGUAGE_STANDARD = gnu11;
				GCC_DYNAMIC_NO_PIC = NO;
				GCC_NO_COMMON_BLOCKS = YES;
				GCC_OPTIMIZATION_LEVEL = 0;
				GCC_PREPROCESSOR_DEFINITIONS = (
					"DEBUG=1",
					"$(inherited)",
				);
				GCC_WARN_64_TO_32_BIT_CONVERSION = YES;
				GCC_WARN_ABOUT_RETURN_TYPE = YES_ERROR;
				GCC_WARN_UNDECLARED_SELECTOR = YES;
				GCC_WARN_UNINITIALIZED_AUTOS = YES_AGGRESSIVE;
				GCC_WARN_UNUSED_FUNCTION = YES;
				GCC_WARN_UNUSED_VARIABLE = YES;
				IPHONEOS_DEPLOYMENT_TARGET = 13.6;
				MTL_ENABLE_DEBUG_INFO = INCLUDE_SOURCE;
				MTL_FAST_MATH = YES;
				ONLY_ACTIVE_ARCH = YES;
				SDKROOT = iphoneos;
				SWIFT_ACTIVE_COMPILATION_CONDITIONS = DEBUG;
				SWIFT_OPTIMIZATION_LEVEL = "-Onone";
			};
			name = Debug;
		};
		E92BEA7B24EB880D00006E81 /* Release */ = {
			isa = XCBuildConfiguration;
			buildSettings = {
				ALWAYS_SEARCH_USER_PATHS = NO;
				CLANG_ANALYZER_NONNULL = YES;
				CLANG_ANALYZER_NUMBER_OBJECT_CONVERSION = YES_AGGRESSIVE;
				CLANG_CXX_LANGUAGE_STANDARD = "gnu++14";
				CLANG_CXX_LIBRARY = "libc++";
				CLANG_ENABLE_MODULES = YES;
				CLANG_ENABLE_OBJC_ARC = YES;
				CLANG_ENABLE_OBJC_WEAK = YES;
				CLANG_WARN_BLOCK_CAPTURE_AUTORELEASING = YES;
				CLANG_WARN_BOOL_CONVERSION = YES;
				CLANG_WARN_COMMA = YES;
				CLANG_WARN_CONSTANT_CONVERSION = YES;
				CLANG_WARN_DEPRECATED_OBJC_IMPLEMENTATIONS = YES;
				CLANG_WARN_DIRECT_OBJC_ISA_USAGE = YES_ERROR;
				CLANG_WARN_DOCUMENTATION_COMMENTS = YES;
				CLANG_WARN_EMPTY_BODY = YES;
				CLANG_WARN_ENUM_CONVERSION = YES;
				CLANG_WARN_INFINITE_RECURSION = YES;
				CLANG_WARN_INT_CONVERSION = YES;
				CLANG_WARN_NON_LITERAL_NULL_CONVERSION = YES;
				CLANG_WARN_OBJC_IMPLICIT_RETAIN_SELF = YES;
				CLANG_WARN_OBJC_LITERAL_CONVERSION = YES;
				CLANG_WARN_OBJC_ROOT_CLASS = YES_ERROR;
				CLANG_WARN_RANGE_LOOP_ANALYSIS = YES;
				CLANG_WARN_STRICT_PROTOTYPES = YES;
				CLANG_WARN_SUSPICIOUS_MOVE = YES;
				CLANG_WARN_UNGUARDED_AVAILABILITY = YES_AGGRESSIVE;
				CLANG_WARN_UNREACHABLE_CODE = YES;
				CLANG_WARN__DUPLICATE_METHOD_MATCH = YES;
				COPY_PHASE_STRIP = NO;
				DEBUG_INFORMATION_FORMAT = "dwarf-with-dsym";
				ENABLE_NS_ASSERTIONS = NO;
				ENABLE_STRICT_OBJC_MSGSEND = YES;
				GCC_C_LANGUAGE_STANDARD = gnu11;
				GCC_NO_COMMON_BLOCKS = YES;
				GCC_WARN_64_TO_32_BIT_CONVERSION = YES;
				GCC_WARN_ABOUT_RETURN_TYPE = YES_ERROR;
				GCC_WARN_UNDECLARED_SELECTOR = YES;
				GCC_WARN_UNINITIALIZED_AUTOS = YES_AGGRESSIVE;
				GCC_WARN_UNUSED_FUNCTION = YES;
				GCC_WARN_UNUSED_VARIABLE = YES;
				IPHONEOS_DEPLOYMENT_TARGET = 13.6;
				MTL_ENABLE_DEBUG_INFO = NO;
				MTL_FAST_MATH = YES;
				SDKROOT = iphoneos;
				SWIFT_COMPILATION_MODE = wholemodule;
				SWIFT_OPTIMIZATION_LEVEL = "-O";
				VALIDATE_PRODUCT = YES;
			};
			name = Release;
		};
		E92BEA7D24EB880D00006E81 /* Debug */ = {
			isa = XCBuildConfiguration;
			buildSettings = {
				ASSETCATALOG_COMPILER_APPICON_NAME = AppIcon;
				CODE_SIGN_STYLE = Manual;
				DEVELOPMENT_TEAM = "";
				INFOPLIST_FILE = GridView/Info.plist;
				IPHONEOS_DEPLOYMENT_TARGET = 10.0;
				LD_RUNPATH_SEARCH_PATHS = (
					"$(inherited)",
					"@executable_path/Frameworks",
				);
				PRODUCT_BUNDLE_IDENTIFIER = com.GridView;
				PRODUCT_NAME = "$(TARGET_NAME)";
				PROVISIONING_PROFILE_SPECIFIER = "";
				SWIFT_VERSION = 5.0;
				TARGETED_DEVICE_FAMILY = "1,2";
			};
			name = Debug;
		};
		E92BEA7E24EB880D00006E81 /* Release */ = {
			isa = XCBuildConfiguration;
			buildSettings = {
				ASSETCATALOG_COMPILER_APPICON_NAME = AppIcon;
				CODE_SIGN_STYLE = Manual;
				DEVELOPMENT_TEAM = "";
				INFOPLIST_FILE = GridView/Info.plist;
				IPHONEOS_DEPLOYMENT_TARGET = 10.0;
				LD_RUNPATH_SEARCH_PATHS = (
					"$(inherited)",
					"@executable_path/Frameworks",
				);
				PRODUCT_BUNDLE_IDENTIFIER = com.GridView;
				PRODUCT_NAME = "$(TARGET_NAME)";
				PROVISIONING_PROFILE_SPECIFIER = "";
				SWIFT_VERSION = 5.0;
				TARGETED_DEVICE_FAMILY = "1,2";
			};
			name = Release;
		};
/* End XCBuildConfiguration section */

/* Begin XCConfigurationList section */
		E92BEA6324EB880C00006E81 /* Build configuration list for PBXProject "GridView" */ = {
			isa = XCConfigurationList;
			buildConfigurations = (
				E92BEA7A24EB880D00006E81 /* Debug */,
				E92BEA7B24EB880D00006E81 /* Release */,
			);
			defaultConfigurationIsVisible = 0;
			defaultConfigurationName = Release;
		};
		E92BEA7C24EB880D00006E81 /* Build configuration list for PBXNativeTarget "GridView" */ = {
			isa = XCConfigurationList;
			buildConfigurations = (
				E92BEA7D24EB880D00006E81 /* Debug */,
				E92BEA7E24EB880D00006E81 /* Release */,
			);
			defaultConfigurationIsVisible = 0;
			defaultConfigurationName = Release;
		};
/* End XCConfigurationList section */
	};
	rootObject = E92BEA6024EB880C00006E81 /* Project object */;
}
